
Microsoft Visual Studio Solution File, Format Version 12.00
# Visual Studio Version 17
VisualStudioVersion = 17.0.31903.59
MinimumVisualStudioVersion = 10.0.40219.1
Project("{FAE04EC0-301F-11D3-BF4B-00C04F79EFBC}") = "QuadraticEquationSolver", "QuadraticEquationSolver\QuadraticEquationSolver.csproj", "{0796493C-D939-474A-B3BE-1430808B7EBF}"
EndProject
Project("{FAE04EC0-301F-11D3-BF4B-00C04F79EFBC}") = "QuadraticEquationSolver.Tests", "QuadraticEquationSolver.Tests\QuadraticEquationSolver.Tests.csproj", "{C9DBBC88-7BB5-444B-AC66-F5032E3332B1}"
EndProject
Global
	GlobalSection(SolutionConfigurationPlatforms) = preSolution
		Debug|Any CPU = Debug|Any CPU
		Release|Any CPU = Release|Any CPU
	EndGlobalSection
	GlobalSection(SolutionProperties) = preSolution
		HideSolutionNode = FALSE
	EndGlobalSection
	GlobalSection(ProjectConfigurationPlatforms) = postSolution
		{0796493C-D939-474A-B3BE-1430808B7EBF}.Debug|Any CPU.ActiveCfg = Debug|Any CPU
		{0796493C-D939-474A-B3BE-1430808B7EBF}.Debug|Any CPU.Build.0 = Debug|Any CPU
		{0796493C-D939-474A-B3BE-1430808B7EBF}.Release|Any CPU.ActiveCfg = Release|Any CPU
		{0796493C-D939-474A-B3BE-1430808B7EBF}.Release|Any CPU.Build.0 = Release|Any CPU
		{C9DBBC88-7BB5-444B-AC66-F5032E3332B1}.Debug|Any CPU.ActiveCfg = Debug|Any CPU
		{C9DBBC88-7BB5-444B-AC66-F5032E3332B1}.Debug|Any CPU.Build.0 = Debug|Any CPU
		{C9DBBC88-7BB5-444B-AC66-F5032E3332B1}.Release|Any CPU.ActiveCfg = Release|Any CPU
		{C9DBBC88-7BB5-444B-AC66-F5032E3332B1}.Release|Any CPU.Build.0 = Release|Any CPU
	EndGlobalSection
EndGlobal
